
Microsoft Visual Studio Solution File, Format Version 12.00
# Visual Studio Version 16
VisualStudioVersion = 16.0.29709.97
MinimumVisualStudioVersion = 10.0.40219.1
Project("{FAE04EC0-301F-11D3-BF4B-00C04F79EFBC}") = "TestMakerWPF_FirstInstance", "TestMakerWPF_FirstInstance.csproj", "{822D77AA-072F-4DD9-B655-09E1EB811BFF}"
EndProject
Global
	GlobalSection(SolutionConfigurationPlatforms) = preSolution
		Debug|Any CPU = Debug|Any CPU
		Release|Any CPU = Release|Any CPU
	EndGlobalSection
	GlobalSection(ProjectConfigurationPlatforms) = postSolution
		{822D77AA-072F-4DD9-B655-09E1EB811BFF}.Debug|Any CPU.ActiveCfg = Debug|Any CPU
		{822D77AA-072F-4DD9-B655-09E1EB811BFF}.Debug|Any CPU.Build.0 = Debug|Any CPU
		{822D77AA-072F-4DD9-B655-09E1EB811BFF}.Release|Any CPU.ActiveCfg = Release|Any CPU
		{822D77AA-072F-4DD9-B655-09E1EB811BFF}.Release|Any CPU.Build.0 = Release|Any CPU
	EndGlobalSection
	GlobalSection(SolutionProperties) = preSolution
		HideSolutionNode = FALSE
	EndGlobalSection
	GlobalSection(ExtensibilityGlobals) = postSolution
		SolutionGuid = {A3A5D969-CC8B-491B-8641-5BF1EECF3A27}
	EndGlobalSection
EndGlobal
